
Microsoft Visual Studio Solution File, Format Version 12.00
# Visual Studio Version 17
VisualStudioVersion = 17.5.33627.172
MinimumVisualStudioVersion = 10.0.40219.1
Project("{FAE04EC0-301F-11D3-BF4B-00C04F79EFBC}") = "RabbitMQ.Publisher", "RabbitMQ.Publisher\RabbitMQ.Publisher.csproj", "{7185A79B-546F-4397-A371-7BDAEB8D344B}"
EndProject
Global
	GlobalSection(SolutionConfigurationPlatforms) = preSolution
		Debug|Any CPU = Debug|Any CPU
		Release|Any CPU = Release|Any CPU
	EndGlobalSection
	GlobalSection(ProjectConfigurationPlatforms) = postSolution
		{7185A79B-546F-4397-A371-7BDAEB8D344B}.Debug|Any CPU.ActiveCfg = Debug|Any CPU
		{7185A79B-546F-4397-A371-7BDAEB8D344B}.Debug|Any CPU.Build.0 = Debug|Any CPU
		{7185A79B-546F-4397-A371-7BDAEB8D344B}.Release|Any CPU.ActiveCfg = Release|Any CPU
		{7185A79B-546F-4397-A371-7BDAEB8D344B}.Release|Any CPU.Build.0 = Release|Any CPU
	EndGlobalSection
	GlobalSection(SolutionProperties) = preSolution
		HideSolutionNode = FALSE
	EndGlobalSection
	GlobalSection(ExtensibilityGlobals) = postSolution
		SolutionGuid = {15C7E169-51FF-4561-9E24-6B5241D4938F}
	EndGlobalSection
EndGlobal
